
Microsoft Visual Studio Solution File, Format Version 12.00
# Visual Studio 15
VisualStudioVersion = 15.0.28010.2016
MinimumVisualStudioVersion = 10.0.40219.1
Project("{9A19103F-16F7-4668-BE54-9A1E7A4F7556}") = "orion.web", "orion.web\orion.web.csproj", "{6295E42A-FD03-434E-8A08-069E38460FC2}"
EndProject
Project("{2150E333-8FDC-42A3-9474-1A3956D46DE8}") = "Solution Items", "Solution Items", "{3C8779C8-289A-4257-85CC-094B65D65D64}"
	ProjectSection(SolutionItems) = preProject
		nuget.config = nuget.config
	EndProjectSection
EndProject
Project("{9A19103F-16F7-4668-BE54-9A1E7A4F7556}") = "orion.web.test", "orion.web.test\orion.web.test.csproj", "{CECDA987-E037-4654-BD72-550903F57F7B}"
EndProject
Global
	GlobalSection(SolutionConfigurationPlatforms) = preSolution
		Debug|Any CPU = Debug|Any CPU
		Release|Any CPU = Release|Any CPU
	EndGlobalSection
	GlobalSection(ProjectConfigurationPlatforms) = postSolution
		{6295E42A-FD03-434E-8A08-069E38460FC2}.Debug|Any CPU.ActiveCfg = Debug|Any CPU
		{6295E42A-FD03-434E-8A08-069E38460FC2}.Debug|Any CPU.Build.0 = Debug|Any CPU
		{6295E42A-FD03-434E-8A08-069E38460FC2}.Release|Any CPU.ActiveCfg = Release|Any CPU
		{6295E42A-FD03-434E-8A08-069E38460FC2}.Release|Any CPU.Build.0 = Release|Any CPU
		{CECDA987-E037-4654-BD72-550903F57F7B}.Debug|Any CPU.ActiveCfg = Debug|Any CPU
		{CECDA987-E037-4654-BD72-550903F57F7B}.Debug|Any CPU.Build.0 = Debug|Any CPU
		{CECDA987-E037-4654-BD72-550903F57F7B}.Release|Any CPU.ActiveCfg = Release|Any CPU
		{CECDA987-E037-4654-BD72-550903F57F7B}.Release|Any CPU.Build.0 = Release|Any CPU
	EndGlobalSection
	GlobalSection(SolutionProperties) = preSolution
		HideSolutionNode = FALSE
	EndGlobalSection
	GlobalSection(ExtensibilityGlobals) = postSolution
		SolutionGuid = {5FBDDBD0-C242-4252-BBBB-FA58A84CF24D}
	EndGlobalSection
EndGlobal
